{
  "lockfileVersion": 1,
  "configVersion": 1,
  "workspaces": {
    "": {
      "dependencies": {
        "@ceale/util": "^1.22.1",
        "needle": "^3.5.0",
      },
      "devDependencies": {
        "@types/bun": "^1.3.12",
        "@types/needle": "^3.3.0",
        "@types/node": "^25.5.0",
        "@typescript/native-preview": "^7.0.0-dev.20260413.1",
        "lx-source-type": "^2.0.5",
      },
    },
  },
  "packages": {
    "@ceale/util": ["@ceale/util@1.22.1", "", { "dependencies": { "csstype": "^3.1.3" } }, "sha512-0xXwphnidyKp9Vk38xnVKw43cbdueO3cyoPYhp/bzj+maOsHOSPZ3jDRYAgHlqfKG0RKrI6fFCZDyfInZia5cQ=="],

    "@types/bun": ["@types/bun@1.3.12", "", { "dependencies": { "bun-types": "1.3.12" } }, "sha512-DBv81elK+/VSwXHDlnH3Qduw+KxkTIWi7TXkAeh24zpi5l0B2kUg9Ga3tb4nJaPcOFswflgi/yAvMVBPrxMB+A=="],

    "@types/needle": ["@types/needle@3.3.0", "", { "dependencies": { "@types/node": "*" } }, "sha512-UFIuc1gdyzAqeVUYpSL+cliw2MmU/ZUhVZKE7Zo4wPbgc8hbljeKSnn6ls6iG8r5jpegPXLUIhJ+Wb2kLVs8cg=="],

    "@types/node": ["@types/node@25.5.0", "", { "dependencies": { "undici-types": "~7.18.0" } }, "sha512-jp2P3tQMSxWugkCUKLRPVUpGaL5MVFwF8RDuSRztfwgN1wmqJeMSbKlnEtQqU8UrhTmzEmZdu2I6v2dpp7XIxw=="],

    "@typescript/native-preview": ["@typescript/native-preview@7.0.0-dev.20260413.1", "", { "optionalDependencies": { "@typescript/native-preview-darwin-arm64": "7.0.0-dev.20260413.1", "@typescript/native-preview-darwin-x64": "7.0.0-dev.20260413.1", "@typescript/native-preview-linux-arm": "7.0.0-dev.20260413.1", "@typescript/native-preview-linux-arm64": "7.0.0-dev.20260413.1", "@typescript/native-preview-linux-x64": "7.0.0-dev.20260413.1", "@typescript/native-preview-win32-arm64": "7.0.0-dev.20260413.1", "@typescript/native-preview-win32-x64": "7.0.0-dev.20260413.1" }, "bin": { "tsgo": "bin/tsgo.js" } }, "sha512-twzr3V4QLEbXaESuI2DqdzutOVFGpkY3VZDR9sF8YlLsAXkwyQvZo58cKM77mZcsHoCR4lCYcdTatWTTa/+8tw=="],

    "@typescript/native-preview-darwin-arm64": ["@typescript/native-preview-darwin-arm64@7.0.0-dev.20260413.1", "", { "os": "darwin", "cpu": "arm64" }, "sha512-CDgxIPvAWRCfOiQKvSk4wUkAoRW4Cy6vfAUBPNHSeLalIt43ToF0LOAsa5uLyRGsftjfMYY0A4qFOmgDvBhgzQ=="],

    "@typescript/native-preview-darwin-x64": ["@typescript/native-preview-darwin-x64@7.0.0-dev.20260413.1", "", { "os": "darwin", "cpu": "x64" }, "sha512-oiMmUtNMaqBh+eUogX53ichcEf7d+7upC0qa7xS9zWl85XEPKlrZCZpZ79yixw1PkdpjqJJigI11bmCi/JVv+g=="],

    "@typescript/native-preview-linux-arm": ["@typescript/native-preview-linux-arm@7.0.0-dev.20260413.1", "", { "os": "linux", "cpu": "arm" }, "sha512-0lSXBzBVsxIGrFv/PxoswzMptsnU6BgSk7GMAUt/o1dVw36R2XrSs538vwKnujaJwt4iIdMS0uGdpUC5s9jkzQ=="],

    "@typescript/native-preview-linux-arm64": ["@typescript/native-preview-linux-arm64@7.0.0-dev.20260413.1", "", { "os": "linux", "cpu": "arm64" }, "sha512-hPKanfs9c+7953gIYw13CNxN0HqFAOfJjnWk4SHqSBe3Pj9pxoeJvvRWlofp5C833eOZK6gZB7ll0/uNb0djtA=="],

    "@typescript/native-preview-linux-x64": ["@typescript/native-preview-linux-x64@7.0.0-dev.20260413.1", "", { "os": "linux", "cpu": "x64" }, "sha512-8Cr477HRmHZ5YyLfikNvw7qp3/WmnRjzIzJhUDrAx5173OBe8BdyV9jPemFHKDPqwI1AUMTijvptOFoQE7429w=="],

    "@typescript/native-preview-win32-arm64": ["@typescript/native-preview-win32-arm64@7.0.0-dev.20260413.1", "", { "os": "win32", "cpu": "arm64" }, "sha512-ulJD9ZbIQyTBIDx8zzAzQLtbvQDGHSWrNRgkgBU5Os2NTYADQRco4pU747R9wZPMLopy3IeNck6m8vwPoYMk1g=="],

    "@typescript/native-preview-win32-x64": ["@typescript/native-preview-win32-x64@7.0.0-dev.20260413.1", "", { "os": "win32", "cpu": "x64" }, "sha512-x7DsSXnLQBf5XBBR8luHf1Nc/T1eByUmrOSEThW6825UB7lHoPlqKdhIoUNnTnS4nXQMxLwcusD4P1EP23GPJw=="],

    "bun-types": ["bun-types@1.3.12", "", { "dependencies": { "@types/node": "*" } }, "sha512-HqOLj5PoFajAQciOMRiIZGNoKxDJSr6qigAttOX40vJuSp6DN/CxWp9s3C1Xwm4oH7ybueITwiaOcWXoYVoRkA=="],

    "csstype": ["csstype@3.2.3", "", {}, "sha512-z1HGKcYy2xA8AGQfwrn0PAy+PB7X/GSj3UVJW9qKyn43xWa+gl5nXmU4qqLMRzWVLFC8KusUX8T/0kCiOYpAIQ=="],

    "iconv-lite": ["iconv-lite@0.6.3", "", { "dependencies": { "safer-buffer": ">= 2.1.2 < 3.0.0" } }, "sha512-4fCk79wshMdzMp2rH06qWrJE4iolqLhCUH+OiuIgU++RB0+94NlDL81atO7GX55uUKueo0txHNtvEyI6D7WdMw=="],

    "lx-source-type": ["lx-source-type@2.0.5", "", { "peerDependencies": { "typescript": "^5" } }, "sha512-dfPnQGtFs66GA+dzoT6YldIu1miofL0pP2B0yeBaDNdZWBJT7l0rtEX1nAR0KSsQtqVQ70R6Qj/hsUCeiHZEdQ=="],

    "needle": ["needle@3.5.0", "", { "dependencies": { "iconv-lite": "^0.6.3", "sax": "^1.2.4" }, "bin": { "needle": "bin/needle" } }, "sha512-jaQyPKKk2YokHrEg+vFDYxXIHTCBgiZwSHOoVx/8V3GIBS8/VN6NdVRmg8q1ERtPkMvmOvebsgga4sAj5hls/w=="],

    "safer-buffer": ["safer-buffer@2.1.2", "", {}, "sha512-YZo3K82SD7Riyi0E1EQPojLz7kpepnSQI9IyPbHHg1XXXevb5dJI7tpyN2ADxGcQbHG7vcyRHk0cbwqcQriUtg=="],

    "sax": ["sax@1.5.0", "", {}, "sha512-21IYA3Q5cQf089Z6tgaUTr7lDAyzoTPx5HRtbhsME8Udispad8dC/+sziTNugOEx54ilvatQ9YCzl4KQLPcRHA=="],

    "typescript": ["typescript@5.9.3", "", { "bin": { "tsc": "bin/tsc", "tsserver": "bin/tsserver" } }, "sha512-jl1vZzPDinLr9eUt3J/t7V6FgNEw9QjvBPdysz9KfQDD41fQrC2Y4vKQdiaUpFT4bXlb1RHhLpp8wtm6M5TgSw=="],

    "undici-types": ["undici-types@7.18.2", "", {}, "sha512-AsuCzffGHJybSaRrmr5eHr81mwJU3kjw6M+uprWvCXiNeN9SOGwQ3Jn8jb8m3Z6izVgknn1R0FTCEAP2QrLY/w=="],

    "@types/needle/@types/node": ["@types/node@25.4.0", "", { "dependencies": { "undici-types": "~7.18.0" } }, "sha512-9wLpoeWuBlcbBpOY3XmzSTG3oscB6xjBEEtn+pYXTfhyXhIxC5FsBer2KTopBlvKEiW9l13po9fq+SJY/5lkhw=="],
  }
}
